
Microsoft Visual Studio Solution File, Format Version 12.00
# Visual Studio Version 17
VisualStudioVersion = 17.11.35312.102
MinimumVisualStudioVersion = 10.0.40219.1
Project("{888888A0-9F3D-457C-B088-3A5042F75D52}") = "bt7.11", "bt7.11\bt7.11.pyproj", "{53075443-5244-452B-9A51-1F1CAC469841}"
EndProject
Global
	GlobalSection(SolutionConfigurationPlatforms) = preSolution
		Debug|Any CPU = Debug|Any CPU
		Release|Any CPU = Release|Any CPU
	EndGlobalSection
	GlobalSection(ProjectConfigurationPlatforms) = postSolution
		{53075443-5244-452B-9A51-1F1CAC469841}.Debug|Any CPU.ActiveCfg = Debug|Any CPU
		{53075443-5244-452B-9A51-1F1CAC469841}.Release|Any CPU.ActiveCfg = Release|Any CPU
	EndGlobalSection
	GlobalSection(SolutionProperties) = preSolution
		HideSolutionNode = FALSE
	EndGlobalSection
	GlobalSection(ExtensibilityGlobals) = postSolution
		SolutionGuid = {3892653C-E15A-48E6-A3FF-9302350AD35D}
	EndGlobalSection
EndGlobal
